# THIS IS AN AUTOGENERATED FILE. DO NOT EDIT THIS FILE DIRECTLY.
# yarn lockfile v1


n@^6.7.0:
  version "6.7.0"
  resolved "https://registry.yarnpkg.com/n/-/n-6.7.0.tgz#95b4b5d338edb6959f2f4603400fcd093c372af1"
  integrity sha512-l/pRcSEqR5PN7/j2Y5tY8KzW/tH0bVJ5UnceItO9mLjoHjNOaRc9cVkIUzUnfftQrcc5RXaqTRrtOPhQ9n10MQ==

stable@^0.1.8:
  version "0.1.8"
  resolved "https://registry.yarnpkg.com/stable/-/stable-0.1.8.tgz#836eb3c8382fe2936feaf544631017ce7d47a3cf"
  integrity sha512-ji9qxRnOVfcuLDySj9qzhGSEFVobyt1kIOSkj1qZzYLzq7Tos/oUUWvotUPQLlrsidqsK6tBH89Bc9kL5zHA6w==
